
Microsoft Visual Studio Solution File, Format Version 12.00
# Visual Studio 2012
Project("{FAE04EC0-301F-11D3-BF4B-00C04F79EFBC}") = "SoundBounce.ClientWPF", "SoundBounce.ClientWPF.csproj", "{238AA005-3738-4718-B123-4882CF8FF63C}"
EndProject
Global
	GlobalSection(SolutionConfigurationPlatforms) = preSolution
		Debug|Any CPU = Debug|Any CPU
		Release|Any CPU = Release|Any CPU
	EndGlobalSection
	GlobalSection(ProjectConfigurationPlatforms) = postSolution
		{238AA005-3738-4718-B123-4882CF8FF63C}.Debug|Any CPU.ActiveCfg = Debug|Any CPU
		{238AA005-3738-4718-B123-4882CF8FF63C}.Debug|Any CPU.Build.0 = Debug|Any CPU
		{238AA005-3738-4718-B123-4882CF8FF63C}.Release|Any CPU.ActiveCfg = Release|Any CPU
		{238AA005-3738-4718-B123-4882CF8FF63C}.Release|Any CPU.Build.0 = Release|Any CPU
	EndGlobalSection
	GlobalSection(SolutionProperties) = preSolution
		HideSolutionNode = FALSE
	EndGlobalSection
EndGlobal
